
Microsoft Visual Studio Solution File, Format Version 12.00
# Visual Studio Version 17
VisualStudioVersion = 17.7.34031.279
MinimumVisualStudioVersion = 10.0.40219.1
Project("{FAE04EC0-301F-11D3-BF4B-00C04F79EFBC}") = "es casa persone-nofile", "es casa persone-nofile\es casa persone-nofile.csproj", "{2FB88289-06EE-4D56-A52A-54D4A37A8A0A}"
EndProject
Global
	GlobalSection(SolutionConfigurationPlatforms) = preSolution
		Debug|Any CPU = Debug|Any CPU
		Release|Any CPU = Release|Any CPU
	EndGlobalSection
	GlobalSection(ProjectConfigurationPlatforms) = postSolution
		{2FB88289-06EE-4D56-A52A-54D4A37A8A0A}.Debug|Any CPU.ActiveCfg = Debug|Any CPU
		{2FB88289-06EE-4D56-A52A-54D4A37A8A0A}.Debug|Any CPU.Build.0 = Debug|Any CPU
		{2FB88289-06EE-4D56-A52A-54D4A37A8A0A}.Release|Any CPU.ActiveCfg = Release|Any CPU
		{2FB88289-06EE-4D56-A52A-54D4A37A8A0A}.Release|Any CPU.Build.0 = Release|Any CPU
	EndGlobalSection
	GlobalSection(SolutionProperties) = preSolution
		HideSolutionNode = FALSE
	EndGlobalSection
	GlobalSection(ExtensibilityGlobals) = postSolution
		SolutionGuid = {4ED263E7-4F90-4EA4-9AC3-C8F88C085BB4}
	EndGlobalSection
EndGlobal
